
Microsoft Visual Studio Solution File, Format Version 12.00
# Visual Studio Version 16
VisualStudioVersion = 16.0.30413.136
MinimumVisualStudioVersion = 10.0.40219.1
Project("{FAE04EC0-301F-11D3-BF4B-00C04F79EFBC}") = "RemoteWindowsAdministration", "RemoteWindowsAdministration\RemoteWindowsAdministration.csproj", "{FF4AF060-8913-40B7-80CB-64BDCE648409}"
EndProject
Project("{FAE04EC0-301F-11D3-BF4B-00C04F79EFBC}") = "RemoteWindowsAdministrationServer", "RemoteWindowsAdministrationServer\RemoteWindowsAdministrationServer.csproj", "{D79B263C-7E9D-478C-940E-1B2A29894C1C}"
EndProject
Global
	GlobalSection(SolutionConfigurationPlatforms) = preSolution
		Debug|Any CPU = Debug|Any CPU
		Release|Any CPU = Release|Any CPU
	EndGlobalSection
	GlobalSection(ProjectConfigurationPlatforms) = postSolution
		{FF4AF060-8913-40B7-80CB-64BDCE648409}.Debug|Any CPU.ActiveCfg = Debug|Any CPU
		{FF4AF060-8913-40B7-80CB-64BDCE648409}.Debug|Any CPU.Build.0 = Debug|Any CPU
		{FF4AF060-8913-40B7-80CB-64BDCE648409}.Release|Any CPU.ActiveCfg = Release|Any CPU
		{FF4AF060-8913-40B7-80CB-64BDCE648409}.Release|Any CPU.Build.0 = Release|Any CPU
		{D79B263C-7E9D-478C-940E-1B2A29894C1C}.Debug|Any CPU.ActiveCfg = Debug|Any CPU
		{D79B263C-7E9D-478C-940E-1B2A29894C1C}.Debug|Any CPU.Build.0 = Debug|Any CPU
		{D79B263C-7E9D-478C-940E-1B2A29894C1C}.Release|Any CPU.ActiveCfg = Release|Any CPU
		{D79B263C-7E9D-478C-940E-1B2A29894C1C}.Release|Any CPU.Build.0 = Release|Any CPU
	EndGlobalSection
	GlobalSection(SolutionProperties) = preSolution
		HideSolutionNode = FALSE
	EndGlobalSection
	GlobalSection(ExtensibilityGlobals) = postSolution
		SolutionGuid = {CCADA721-7C36-4255-AEF3-35A19B5EF961}
	EndGlobalSection
EndGlobal
